
Microsoft Visual Studio Solution File, Format Version 12.00
# Visual Studio Version 17
VisualStudioVersion = 17.14.36717.8 d17.14
MinimumVisualStudioVersion = 10.0.40219.1
Project("{FAE04EC0-301F-11D3-BF4B-00C04F79EFBC}") = "ListView", "ListView\ListView.csproj", "{27672B40-9B67-4E72-822D-CE70243852ED}"
EndProject
Global
	GlobalSection(SolutionConfigurationPlatforms) = preSolution
		Debug|Any CPU = Debug|Any CPU
		Release|Any CPU = Release|Any CPU
	EndGlobalSection
	GlobalSection(ProjectConfigurationPlatforms) = postSolution
		{27672B40-9B67-4E72-822D-CE70243852ED}.Debug|Any CPU.ActiveCfg = Debug|Any CPU
		{27672B40-9B67-4E72-822D-CE70243852ED}.Debug|Any CPU.Build.0 = Debug|Any CPU
		{27672B40-9B67-4E72-822D-CE70243852ED}.Release|Any CPU.ActiveCfg = Release|Any CPU
		{27672B40-9B67-4E72-822D-CE70243852ED}.Release|Any CPU.Build.0 = Release|Any CPU
	EndGlobalSection
	GlobalSection(SolutionProperties) = preSolution
		HideSolutionNode = FALSE
	EndGlobalSection
	GlobalSection(ExtensibilityGlobals) = postSolution
		SolutionGuid = {AC7B1A72-79D0-4920-B59F-7A694F8631CD}
	EndGlobalSection
EndGlobal
